// !$*UTF8*$!
{
	archiveVersion = 1;
	classes = {
	};
	objectVersion = 56;
	objects = {

/* Begin PBXBuildFile section */
		100000000000000000000001 /* LlamadockApp.swift in Sources */ = {isa = PBXBuildFile; fileRef = 200000000000000000000001 /* LlamadockApp.swift */; };
		100000000000000000000002 /* AppModel.swift in Sources */ = {isa = PBXBuildFile; fileRef = 200000000000000000000002 /* AppModel.swift */; };
		100000000000000000000003 /* AppSection.swift in Sources */ = {isa = PBXBuildFile; fileRef = 200000000000000000000003 /* AppSection.swift */; };
		100000000000000000000004 /* ContentView.swift in Sources */ = {isa = PBXBuildFile; fileRef = 200000000000000000000004 /* ContentView.swift */; };
		100000000000000000000005 /* OverviewView.swift in Sources */ = {isa = PBXBuildFile; fileRef = 200000000000000000000005 /* OverviewView.swift */; };
		100000000000000000000006 /* RuntimesView.swift in Sources */ = {isa = PBXBuildFile; fileRef = 200000000000000000000006 /* RuntimesView.swift */; };
		100000000000000000000007 /* ModelsView.swift in Sources */ = {isa = PBXBuildFile; fileRef = 200000000000000000000007 /* ModelsView.swift */; };
		100000000000000000000008 /* ServersView.swift in Sources */ = {isa = PBXBuildFile; fileRef = 200000000000000000000008 /* ServersView.swift */; };
		100000000000000000000009 /* SettingsView.swift in Sources */ = {isa = PBXBuildFile; fileRef = 200000000000000000000009 /* SettingsView.swift */; };
		10000000000000000000000A /* LlamadockCore in Frameworks */ = {isa = PBXBuildFile; productRef = F00000000000000000000001 /* LlamadockCore */; };
		10000000000000000000000B /* AppDelegate.swift in Sources */ = {isa = PBXBuildFile; fileRef = 20000000000000000000000D /* AppDelegate.swift */; };
		10000000000000000000000C /* HuggingFaceModelsView.swift in Sources */ = {isa = PBXBuildFile; fileRef = 20000000000000000000000E /* HuggingFaceModelsView.swift */; };
		10000000000000000000000D /* Assets.xcassets in Resources */ = {isa = PBXBuildFile; fileRef = 20000000000000000000000F /* Assets.xcassets */; };
		10000000000000000000000E /* Localization.swift in Sources */ = {isa = PBXBuildFile; fileRef = 200000000000000000000010 /* Localization.swift */; };
		10000000000000000000000F /* Localizable.xcstrings in Resources */ = {isa = PBXBuildFile; fileRef = 200000000000000000000011 /* Localizable.xcstrings */; };
		100000000000000000000010 /* UIPrimitives.swift in Sources */ = {isa = PBXBuildFile; fileRef = 200000000000000000000012 /* UIPrimitives.swift */; };
		100000000000000000000011 /* LogsView.swift in Sources */ = {isa = PBXBuildFile; fileRef = 200000000000000000000013 /* LogsView.swift */; };
		100000000000000000000012 /* DownloadsView.swift in Sources */ = {isa = PBXBuildFile; fileRef = 200000000000000000000014 /* DownloadsView.swift */; };
		100000000000000000000013 /* ServiceMenuBarView.swift in Sources */ = {isa = PBXBuildFile; fileRef = 200000000000000000000015 /* ServiceMenuBarView.swift */; };
		100000000000000000000014 /* BenchmarkView.swift in Sources */ = {isa = PBXBuildFile; fileRef = 200000000000000000000016 /* BenchmarkView.swift */; };
		100000000000000000000015 /* AboutView.swift in Sources */ = {isa = PBXBuildFile; fileRef = 200000000000000000000017 /* AboutView.swift */; };
/* End PBXBuildFile section */

/* Begin PBXFileReference section */
		200000000000000000000001 /* LlamadockApp.swift */ = {isa = PBXFileReference; lastKnownFileType = sourcecode.swift; path = LlamadockApp.swift; sourceTree = "<group>"; };
		200000000000000000000002 /* AppModel.swift */ = {isa = PBXFileReference; lastKnownFileType = sourcecode.swift; path = AppModel.swift; sourceTree = "<group>"; };
		200000000000000000000003 /* AppSection.swift */ = {isa = PBXFileReference; lastKnownFileType = sourcecode.swift; path = AppSection.swift; sourceTree = "<group>"; };
		200000000000000000000004 /* ContentView.swift */ = {isa = PBXFileReference; lastKnownFileType = sourcecode.swift; path = ContentView.swift; sourceTree = "<group>"; };
		200000000000000000000005 /* OverviewView.swift */ = {isa = PBXFileReference; lastKnownFileType = sourcecode.swift; path = OverviewView.swift; sourceTree = "<group>"; };
		200000000000000000000006 /* RuntimesView.swift */ = {isa = PBXFileReference; lastKnownFileType = sourcecode.swift; path = RuntimesView.swift; sourceTree = "<group>"; };
		200000000000000000000007 /* ModelsView.swift */ = {isa = PBXFileReference; lastKnownFileType = sourcecode.swift; path = ModelsView.swift; sourceTree = "<group>"; };
		200000000000000000000008 /* ServersView.swift */ = {isa = PBXFileReference; lastKnownFileType = sourcecode.swift; path = ServersView.swift; sourceTree = "<group>"; };
		200000000000000000000009 /* SettingsView.swift */ = {isa = PBXFileReference; lastKnownFileType = sourcecode.swift; path = SettingsView.swift; sourceTree = "<group>"; };
		20000000000000000000000A /* Llamadock.app */ = {isa = PBXFileReference; explicitFileType = wrapper.application; includeInIndex = 0; path = Llamadock.app; sourceTree = BUILT_PRODUCTS_DIR; };
		20000000000000000000000B /* README.md */ = {isa = PBXFileReference; lastKnownFileType = net.daringfireball.markdown; path = README.md; sourceTree = "<group>"; };
		20000000000000000000000C /* DESIGN.md */ = {isa = PBXFileReference; lastKnownFileType = net.daringfireball.markdown; path = DESIGN.md; sourceTree = "<group>"; };
		20000000000000000000000D /* AppDelegate.swift */ = {isa = PBXFileReference; lastKnownFileType = sourcecode.swift; path = AppDelegate.swift; sourceTree = "<group>"; };
		20000000000000000000000E /* HuggingFaceModelsView.swift */ = {isa = PBXFileReference; lastKnownFileType = sourcecode.swift; path = HuggingFaceModelsView.swift; sourceTree = "<group>"; };
		20000000000000000000000F /* Assets.xcassets */ = {isa = PBXFileReference; lastKnownFileType = folder.assetcatalog; path = Assets.xcassets; sourceTree = "<group>"; };
		200000000000000000000010 /* Localization.swift */ = {isa = PBXFileReference; lastKnownFileType = sourcecode.swift; path = Localization.swift; sourceTree = "<group>"; };
		200000000000000000000011 /* Localizable.xcstrings */ = {isa = PBXFileReference; lastKnownFileType = text.json.xcstrings; path = Localizable.xcstrings; sourceTree = "<group>"; };
		200000000000000000000012 /* UIPrimitives.swift */ = {isa = PBXFileReference; lastKnownFileType = sourcecode.swift; path = UIPrimitives.swift; sourceTree = "<group>"; };
		200000000000000000000013 /* LogsView.swift */ = {isa = PBXFileReference; lastKnownFileType = sourcecode.swift; path = LogsView.swift; sourceTree = "<group>"; };
		200000000000000000000014 /* DownloadsView.swift */ = {isa = PBXFileReference; lastKnownFileType = sourcecode.swift; path = DownloadsView.swift; sourceTree = "<group>"; };
		200000000000000000000015 /* ServiceMenuBarView.swift */ = {isa = PBXFileReference; lastKnownFileType = sourcecode.swift; path = ServiceMenuBarView.swift; sourceTree = "<group>"; };
		200000000000000000000016 /* BenchmarkView.swift */ = {isa = PBXFileReference; lastKnownFileType = sourcecode.swift; path = BenchmarkView.swift; sourceTree = "<group>"; };
		200000000000000000000017 /* AboutView.swift */ = {isa = PBXFileReference; lastKnownFileType = sourcecode.swift; path = AboutView.swift; sourceTree = "<group>"; };
/* End PBXFileReference section */

/* Begin PBXFrameworksBuildPhase section */
		300000000000000000000001 /* Frameworks */ = {
			isa = PBXFrameworksBuildPhase;
			buildActionMask = 2147483647;
			files = (
				10000000000000000000000A /* LlamadockCore in Frameworks */,
			);
			runOnlyForDeploymentPostprocessing = 0;
		};
/* End PBXFrameworksBuildPhase section */

/* Begin PBXGroup section */
		400000000000000000000001 = {
			isa = PBXGroup;
			children = (
				400000000000000000000002 /* App */,
				400000000000000000000003 /* Features */,
				400000000000000000000009 /* Products */,
				20000000000000000000000B /* README.md */,
				20000000000000000000000C /* DESIGN.md */,
			);
			sourceTree = "<group>";
		};
		400000000000000000000002 /* App */ = {
			isa = PBXGroup;
			children = (
				200000000000000000000001 /* LlamadockApp.swift */,
				200000000000000000000002 /* AppModel.swift */,
				200000000000000000000003 /* AppSection.swift */,
				200000000000000000000004 /* ContentView.swift */,
				20000000000000000000000D /* AppDelegate.swift */,
				200000000000000000000010 /* Localization.swift */,
				200000000000000000000012 /* UIPrimitives.swift */,
				200000000000000000000015 /* ServiceMenuBarView.swift */,
				200000000000000000000011 /* Localizable.xcstrings */,
				20000000000000000000000F /* Assets.xcassets */,
			);
			path = App;
			sourceTree = "<group>";
		};
		400000000000000000000003 /* Features */ = {
			isa = PBXGroup;
			children = (
				400000000000000000000004 /* Overview */,
				400000000000000000000005 /* Runtimes */,
				400000000000000000000006 /* Models */,
				400000000000000000000007 /* Servers */,
				400000000000000000000008 /* Settings */,
				40000000000000000000000A /* Benchmark */,
			);
			path = Features;
			sourceTree = "<group>";
		};
		400000000000000000000004 /* Overview */ = {
			isa = PBXGroup;
			children = (
				200000000000000000000005 /* OverviewView.swift */,
			);
			path = Overview;
			sourceTree = "<group>";
		};
		400000000000000000000005 /* Runtimes */ = {
			isa = PBXGroup;
			children = (
				200000000000000000000006 /* RuntimesView.swift */,
			);
			path = Runtimes;
			sourceTree = "<group>";
		};
		400000000000000000000006 /* Models */ = {
			isa = PBXGroup;
			children = (
				200000000000000000000007 /* ModelsView.swift */,
				20000000000000000000000E /* HuggingFaceModelsView.swift */,
				200000000000000000000014 /* DownloadsView.swift */,
			);
			path = Models;
			sourceTree = "<group>";
		};
		400000000000000000000007 /* Servers */ = {
			isa = PBXGroup;
			children = (
				200000000000000000000008 /* ServersView.swift */,
				200000000000000000000013 /* LogsView.swift */,
			);
			path = Servers;
			sourceTree = "<group>";
		};
		400000000000000000000008 /* Settings */ = {
			isa = PBXGroup;
			children = (
				200000000000000000000009 /* SettingsView.swift */,
				200000000000000000000017 /* AboutView.swift */,
			);
			path = Settings;
			sourceTree = "<group>";
		};
		40000000000000000000000A /* Benchmark */ = {
			isa = PBXGroup;
			children = (
				200000000000000000000016 /* BenchmarkView.swift */,
			);
			path = Benchmark;
			sourceTree = "<group>";
		};
		400000000000000000000009 /* Products */ = {
			isa = PBXGroup;
			children = (
				20000000000000000000000A /* Llamadock.app */,
			);
			name = Products;
			sourceTree = "<group>";
		};
/* End PBXGroup section */

/* Begin PBXNativeTarget section */
		500000000000000000000001 /* Llamadock */ = {
			isa = PBXNativeTarget;
			buildConfigurationList = 900000000000000000000002 /* Build configuration list for PBXNativeTarget "Llamadock" */;
			buildPhases = (
				700000000000000000000001 /* Sources */,
				300000000000000000000001 /* Frameworks */,
				800000000000000000000001 /* Resources */,
			);
			buildRules = (
			);
			dependencies = (
			);
			name = Llamadock;
			packageProductDependencies = (
				F00000000000000000000001 /* LlamadockCore */,
			);
			productName = Llamadock;
			productReference = 20000000000000000000000A /* Llamadock.app */;
			productType = "com.apple.product-type.application";
		};
/* End PBXNativeTarget section */

/* Begin PBXProject section */
		600000000000000000000001 /* Project object */ = {
			isa = PBXProject;
			attributes = {
				BuildIndependentTargetsInParallel = 1;
				LastSwiftUpdateCheck = 2660;
				LastUpgradeCheck = 2660;
				TargetAttributes = {
					500000000000000000000001 = {
						CreatedOnToolsVersion = 26.0;
					};
				};
			};
			buildConfigurationList = 900000000000000000000001 /* Build configuration list for PBXProject "Llamadock" */;
			compatibilityVersion = "Xcode 14.0";
			developmentRegion = en;
			hasScannedForEncodings = 0;
			knownRegions = (
				en,
				"zh-Hans",
				Base,
			);
			mainGroup = 400000000000000000000001;
			packageReferences = (
				E00000000000000000000001 /* XCLocalSwiftPackageReference "Packages/LlamadockCore" */,
			);
			productRefGroup = 400000000000000000000009 /* Products */;
			projectDirPath = "";
			projectRoot = "";
			targets = (
				500000000000000000000001 /* Llamadock */,
			);
		};
/* End PBXProject section */

/* Begin PBXResourcesBuildPhase section */
		800000000000000000000001 /* Resources */ = {
			isa = PBXResourcesBuildPhase;
			buildActionMask = 2147483647;
			files = (
				10000000000000000000000D /* Assets.xcassets in Resources */,
				10000000000000000000000F /* Localizable.xcstrings in Resources */,
			);
			runOnlyForDeploymentPostprocessing = 0;
		};
/* End PBXResourcesBuildPhase section */

/* Begin PBXSourcesBuildPhase section */
		700000000000000000000001 /* Sources */ = {
			isa = PBXSourcesBuildPhase;
			buildActionMask = 2147483647;
			files = (
				100000000000000000000001 /* LlamadockApp.swift in Sources */,
				100000000000000000000002 /* AppModel.swift in Sources */,
				100000000000000000000003 /* AppSection.swift in Sources */,
				100000000000000000000004 /* ContentView.swift in Sources */,
				100000000000000000000005 /* OverviewView.swift in Sources */,
				100000000000000000000006 /* RuntimesView.swift in Sources */,
				100000000000000000000007 /* ModelsView.swift in Sources */,
				100000000000000000000008 /* ServersView.swift in Sources */,
				100000000000000000000009 /* SettingsView.swift in Sources */,
				10000000000000000000000B /* AppDelegate.swift in Sources */,
				10000000000000000000000C /* HuggingFaceModelsView.swift in Sources */,
				10000000000000000000000E /* Localization.swift in Sources */,
				100000000000000000000010 /* UIPrimitives.swift in Sources */,
				100000000000000000000011 /* LogsView.swift in Sources */,
				100000000000000000000012 /* DownloadsView.swift in Sources */,
				100000000000000000000013 /* ServiceMenuBarView.swift in Sources */,
				100000000000000000000014 /* BenchmarkView.swift in Sources */,
				100000000000000000000015 /* AboutView.swift in Sources */,
			);
			runOnlyForDeploymentPostprocessing = 0;
		};
/* End PBXSourcesBuildPhase section */

/* Begin XCBuildConfiguration section */
		A00000000000000000000001 /* Debug */ = {
			isa = XCBuildConfiguration;
			buildSettings = {
				ALWAYS_SEARCH_USER_PATHS = NO;
				CLANG_ENABLE_MODULES = YES;
				CLANG_ENABLE_OBJC_ARC = YES;
				COPY_PHASE_STRIP = NO;
				DEBUG_INFORMATION_FORMAT = dwarf;
				ENABLE_TESTABILITY = YES;
				GCC_C_LANGUAGE_STANDARD = gnu17;
				GCC_OPTIMIZATION_LEVEL = 0;
				MACOSX_DEPLOYMENT_TARGET = 14.0;
				ONLY_ACTIVE_ARCH = YES;
				SDKROOT = macosx;
				SWIFT_ACTIVE_COMPILATION_CONDITIONS = "DEBUG $(inherited)";
				SWIFT_OPTIMIZATION_LEVEL = "-Onone";
			};
			name = Debug;
		};
		A00000000000000000000002 /* Release */ = {
			isa = XCBuildConfiguration;
			buildSettings = {
				ALWAYS_SEARCH_USER_PATHS = NO;
				CLANG_ENABLE_MODULES = YES;
				CLANG_ENABLE_OBJC_ARC = YES;
				COPY_PHASE_STRIP = YES;
				DEBUG_INFORMATION_FORMAT = "dwarf-with-dsym";
				GCC_C_LANGUAGE_STANDARD = gnu17;
				MACOSX_DEPLOYMENT_TARGET = 14.0;
				SDKROOT = macosx;
				SWIFT_COMPILATION_MODE = wholemodule;
			};
			name = Release;
		};
		A00000000000000000000003 /* Debug */ = {
			isa = XCBuildConfiguration;
			buildSettings = {
				ASSETCATALOG_COMPILER_APPICON_NAME = AppIcon;
				CODE_SIGN_IDENTITY = "-";
				CODE_SIGN_STYLE = Automatic;
				COMBINE_HIDPI_IMAGES = YES;
				CURRENT_PROJECT_VERSION = 1;
				DEAD_CODE_STRIPPING = YES;
				ENABLE_APP_SANDBOX = NO;
				ENABLE_HARDENED_RUNTIME = YES;
				GENERATE_INFOPLIST_FILE = YES;
				INFOPLIST_FILE = App/Info.plist;
				INFOPLIST_KEY_CFBundleDisplayName = LlamaDock;
				INFOPLIST_KEY_LSApplicationCategoryType = "public.app-category.developer-tools";
				MARKETING_VERSION = 1.0.0;
				PRODUCT_BUNDLE_IDENTIFIER = io.github.boyzwj.LlamaDock;
				PRODUCT_NAME = "$(TARGET_NAME)";
				SUPPORTED_PLATFORMS = macosx;
				SWIFT_EMIT_LOC_STRINGS = YES;
				SWIFT_STRICT_CONCURRENCY = complete;
				SWIFT_VERSION = 6.0;
			};
			name = Debug;
		};
		A00000000000000000000004 /* Release */ = {
			isa = XCBuildConfiguration;
			buildSettings = {
				ASSETCATALOG_COMPILER_APPICON_NAME = AppIcon;
				CODE_SIGN_IDENTITY = "-";
				CODE_SIGN_STYLE = Automatic;
				COMBINE_HIDPI_IMAGES = YES;
				CURRENT_PROJECT_VERSION = 1;
				DEAD_CODE_STRIPPING = YES;
				ENABLE_APP_SANDBOX = NO;
				ENABLE_HARDENED_RUNTIME = YES;
				GENERATE_INFOPLIST_FILE = YES;
				INFOPLIST_FILE = App/Info.plist;
				INFOPLIST_KEY_CFBundleDisplayName = LlamaDock;
				INFOPLIST_KEY_LSApplicationCategoryType = "public.app-category.developer-tools";
				MARKETING_VERSION = 1.0.0;
				PRODUCT_BUNDLE_IDENTIFIER = io.github.boyzwj.LlamaDock;
				PRODUCT_NAME = "$(TARGET_NAME)";
				SUPPORTED_PLATFORMS = macosx;
				SWIFT_EMIT_LOC_STRINGS = YES;
				SWIFT_STRICT_CONCURRENCY = complete;
				SWIFT_VERSION = 6.0;
			};
			name = Release;
		};
/* End XCBuildConfiguration section */

/* Begin XCConfigurationList section */
		900000000000000000000001 /* Build configuration list for PBXProject "Llamadock" */ = {
			isa = XCConfigurationList;
			buildConfigurations = (
				A00000000000000000000001 /* Debug */,
				A00000000000000000000002 /* Release */,
			);
			defaultConfigurationIsVisible = 0;
			defaultConfigurationName = Release;
		};
		900000000000000000000002 /* Build configuration list for PBXNativeTarget "Llamadock" */ = {
			isa = XCConfigurationList;
			buildConfigurations = (
				A00000000000000000000003 /* Debug */,
				A00000000000000000000004 /* Release */,
			);
			defaultConfigurationIsVisible = 0;
			defaultConfigurationName = Release;
		};
/* End XCConfigurationList section */

/* Begin XCLocalSwiftPackageReference section */
		E00000000000000000000001 /* XCLocalSwiftPackageReference "Packages/LlamadockCore" */ = {
			isa = XCLocalSwiftPackageReference;
			relativePath = Packages/LlamadockCore;
		};
/* End XCLocalSwiftPackageReference section */

/* Begin XCSwiftPackageProductDependency section */
		F00000000000000000000001 /* LlamadockCore */ = {
			isa = XCSwiftPackageProductDependency;
			package = E00000000000000000000001 /* XCLocalSwiftPackageReference "Packages/LlamadockCore" */;
			productName = LlamadockCore;
		};
/* End XCSwiftPackageProductDependency section */
	};
	rootObject = 600000000000000000000001 /* Project object */;
}
